
Microsoft Visual Studio Solution File, Format Version 12.00
# Visual Studio Version 17
VisualStudioVersion = 17.14.36221.1
MinimumVisualStudioVersion = 10.0.40219.1
Project("{FAE04EC0-301F-11D3-BF4B-00C04F79EFBC}") = "FuelDownloader.Cmd.FuelLatest", "src\FuelDownloader.Cmd.FuelLatest\FuelDownloader.Cmd.FuelLatest.csproj", "{AE9CEA08-B983-4796-AD8A-2551B81DF50C}"
EndProject
Project("{FAE04EC0-301F-11D3-BF4B-00C04F79EFBC}") = "FuelDownloader.Domain", "src\FuelDownloader.Domain\FuelDownloader.Domain.csproj", "{639457DC-1978-4FAD-A10B-A359520101C0}"
EndProject
Project("{FAE04EC0-301F-11D3-BF4B-00C04F79EFBC}") = "FuelDownloader.Infra", "src\FuelDownloader.Infra\FuelDownloader.Infra.csproj", "{A4801651-DBD2-4ECD-AE88-BBCDCDC2A51C}"
EndProject
Project("{FAE04EC0-301F-11D3-BF4B-00C04F79EFBC}") = "FuelDownloader.UseCase", "src\FuelDownloader.UseCase\FuelDownloader.UseCase.csproj", "{7F4B0B00-FD24-4072-BDA6-2E83F241CC53}"
EndProject
Project("{FAE04EC0-301F-11D3-BF4B-00C04F79EFBC}") = "FuelDownloader.Cmd.Migrate", "src\FuelDownloader.Cmd.Migrate\FuelDownloader.Cmd.Migrate.csproj", "{697C8370-920C-4A4D-986D-9B2E60B48D13}"
EndProject
Global
	GlobalSection(SolutionConfigurationPlatforms) = preSolution
		Debug|Any CPU = Debug|Any CPU
		Release|Any CPU = Release|Any CPU
	EndGlobalSection
	GlobalSection(ProjectConfigurationPlatforms) = postSolution
		{AE9CEA08-B983-4796-AD8A-2551B81DF50C}.Debug|Any CPU.ActiveCfg = Debug|Any CPU
		{AE9CEA08-B983-4796-AD8A-2551B81DF50C}.Debug|Any CPU.Build.0 = Debug|Any CPU
		{AE9CEA08-B983-4796-AD8A-2551B81DF50C}.Release|Any CPU.ActiveCfg = Release|Any CPU
		{AE9CEA08-B983-4796-AD8A-2551B81DF50C}.Release|Any CPU.Build.0 = Release|Any CPU
		{639457DC-1978-4FAD-A10B-A359520101C0}.Debug|Any CPU.ActiveCfg = Debug|Any CPU
		{639457DC-1978-4FAD-A10B-A359520101C0}.Debug|Any CPU.Build.0 = Debug|Any CPU
		{639457DC-1978-4FAD-A10B-A359520101C0}.Release|Any CPU.ActiveCfg = Release|Any CPU
		{639457DC-1978-4FAD-A10B-A359520101C0}.Release|Any CPU.Build.0 = Release|Any CPU
		{A4801651-DBD2-4ECD-AE88-BBCDCDC2A51C}.Debug|Any CPU.ActiveCfg = Debug|Any CPU
		{A4801651-DBD2-4ECD-AE88-BBCDCDC2A51C}.Debug|Any CPU.Build.0 = Debug|Any CPU
		{A4801651-DBD2-4ECD-AE88-BBCDCDC2A51C}.Release|Any CPU.ActiveCfg = Release|Any CPU
		{A4801651-DBD2-4ECD-AE88-BBCDCDC2A51C}.Release|Any CPU.Build.0 = Release|Any CPU
		{7F4B0B00-FD24-4072-BDA6-2E83F241CC53}.Debug|Any CPU.ActiveCfg = Debug|Any CPU
		{7F4B0B00-FD24-4072-BDA6-2E83F241CC53}.Debug|Any CPU.Build.0 = Debug|Any CPU
		{7F4B0B00-FD24-4072-BDA6-2E83F241CC53}.Release|Any CPU.ActiveCfg = Release|Any CPU
		{7F4B0B00-FD24-4072-BDA6-2E83F241CC53}.Release|Any CPU.Build.0 = Release|Any CPU
		{697C8370-920C-4A4D-986D-9B2E60B48D13}.Debug|Any CPU.ActiveCfg = Debug|Any CPU
		{697C8370-920C-4A4D-986D-9B2E60B48D13}.Debug|Any CPU.Build.0 = Debug|Any CPU
		{697C8370-920C-4A4D-986D-9B2E60B48D13}.Release|Any CPU.ActiveCfg = Release|Any CPU
		{697C8370-920C-4A4D-986D-9B2E60B48D13}.Release|Any CPU.Build.0 = Release|Any CPU
	EndGlobalSection
	GlobalSection(SolutionProperties) = preSolution
		HideSolutionNode = FALSE
	EndGlobalSection
	GlobalSection(ExtensibilityGlobals) = postSolution
		SolutionGuid = {94D5F4AB-AAC9-4177-ACC5-3CEAD0F07573}
	EndGlobalSection
EndGlobal
